{
    "name": "nomyskylinebot",
    "version": "1.5.2",
    "lockfileVersion": 1,
    "requires": true,
	"dependencies": {
		"data-uri-to-buffer": {
             "version": "3.0.1",
            "resolved": "https://registry.npmjs.org/data-uri-to-buffer/-/data-uri-to-buffer-3.0.1.tgz",
            "integrity": "sha512-WboRycPNsVw3B3TL559F7kuBUM4d8CgMEvk6xEJlOp7OBPjt6G7z8WMWlD2rOFZLk6OYfFIUGsCOWzcQH9K2og=="
        },
		"fetch-blob": {
             "version": "3.2.0",
            "resolved": "https://registry.npmjs.org/fetch-blob/-/fetch-blob-3.2.0.tgz",
            "integrity": "sha512-7yAQpD2UMJzLi1Dqv7qFYnPbaPx7ZfFK6PiIxQ4PfkGPyNyl2Ugx+a/umUonmKqjhM4DnfbMvdX6otXq83soQQ=="
        },
		"node-fetch": {
            "version": "3.1.1",
            "resolved": "https://registry.npmjs.org/node-fetch/-/node-fetch-3.1.1.tgz",
            "integrity": "sha512-SMk+vKgU77PYotRdWzqZGTZeuFKlsJ0hu4KPviQKkfY+N3vn2MIzr0rvpnYpR8MtB3IEuhlEcuOLbGvLRlA+yg=="
        }
        
	}
}