{
    "name": "nomyskylinebot",
    "version": "1.5.2",
    "lockfileVersion": 1,
    "requires": true,
	"dependencies": {
		"node-fetch": {
            "version": "3.1.1",
            "resolved": "https://registry.npmjs.org/node-fetch/-/node-fetch-3.1.1.tgz",
            "integrity": "sha512-SMk+vKgU77PYotRdWzqZGTZeuFKlsJ0hu4KPviQKkfY+N3vn2MIzr0rvpnYpR8MtB3IEuhlEcuOLbGvLRlA+yg=="
        },
        
	}
}