{
    "name": "nomyskylinebot",
    "version": "1.5.2",
    "lockfileVersion": 1,
    "requires": true,
	"dependencies": {
        "body-parser": {
            "version": "1.19.0",
            "resolved": "https://registry.npmjs.org/body-parser/-/body-parser-1.19.0.tgz",
            "integrity": "sha512-dhEPs72UPbDnAQJ9ZKMNTP6ptJaionhP5cBb541nXPlW60Jepo9RV/a4fX4XWW9CuFNK22krhrj1+rgzifNCsw=="
        },
		"eslint": {
            "version": "5.16.0",
            "resolved": "https://registry.npmjs.org/eslint/-/eslint-5.16.0.tgz",
            "integrity": "sha512-S3Rz11i7c8AA5JPv7xAH+dOyq/Cu/VXHiHXBPOU1k/JAM5dXqQPt3qcrhpHSorXmrpu2g0gkIBVXAqCpzfoZIg=="
        },
        "express": {
            "version": "4.17.1",
            "resolved": "https://registry.npmjs.org/express/-/express-4.17.1.tgz",
            "integrity": "sha512-mHJ9O79RqluphRrcw2X/GTh3k9tVv8YcoyY4Kkh4WDMUYKRZUq0h1o0w2rrrxBqM7VoeUVqgb27xlEMXTnYt4g=="
        },
        "mocha": {
            "version": "6.1.4",
            "resolved": "https://registry.npmjs.org/mocha/-/mocha-6.1.4.tgz",
            "integrity": "sha512-PN8CIy4RXsIoxoFJzS4QNnCH4psUCPWc4/rPrst/ecSJJbLBkubMiyGCP2Kj/9YnWbotFqAoeXyXMucj7gwCFg=="
        },
		"nock": {
            "version": "10.0.6",
            "resolved": "https://registry.npmjs.org/nock/-/nock-10.0.6.tgz",
            "integrity": "sha512-b47OWj1qf/LqSQYnmokNWM8D88KvUl2y7jT0567NB3ZBAZFz2bWp2PC81Xn7u8F2/vJxzkzNZybnemeFa7AZ2w=="
        },
        "node-fetch": {
            "version": "3.1.1",
            "resolved": "https://registry.npmjs.org/node-fetch/-/node-fetch-3.1.1.tgz",
            "integrity": "sha512-SMk+vKgU77PYotRdWzqZGTZeuFKlsJ0hu4KPviQKkfY+N3vn2MIzr0rvpnYpR8MtB3IEuhlEcuOLbGvLRlA+yg=="
        }
        
	}
}